// !$*UTF8*$!
{
	archiveVersion = 1;
	classes = {
	};
	objectVersion = 50;
	objects = {

/* Begin PBXBuildFile section */
		4756F23226433D1400A7F796 /* PostError.swift in Sources */ = {isa = PBXBuildFile; fileRef = 4756F23126433D1400A7F796 /* PostError.swift */; };
		4756F234264342E500A7F796 /* PostListTableViewController.swift in Sources */ = {isa = PBXBuildFile; fileRef = 4756F233264342E500A7F796 /* PostListTableViewController.swift */; };
		4756F2362643446500A7F796 /* PostTableViewCell.swift in Sources */ = {isa = PBXBuildFile; fileRef = 4756F2352643446500A7F796 /* PostTableViewCell.swift */; };
		4756F2382643459500A7F796 /* PostDetailViewController.swift in Sources */ = {isa = PBXBuildFile; fileRef = 4756F2372643459500A7F796 /* PostDetailViewController.swift */; };
		47E4BE042643347F00CCACB5 /* AppDelegate.swift in Sources */ = {isa = PBXBuildFile; fileRef = 47E4BE032643347F00CCACB5 /* AppDelegate.swift */; };
		47E4BE062643347F00CCACB5 /* SceneDelegate.swift in Sources */ = {isa = PBXBuildFile; fileRef = 47E4BE052643347F00CCACB5 /* SceneDelegate.swift */; };
		47E4BE0B2643347F00CCACB5 /* Main.storyboard in Resources */ = {isa = PBXBuildFile; fileRef = 47E4BE092643347F00CCACB5 /* Main.storyboard */; };
		47E4BE0D2643348000CCACB5 /* Assets.xcassets in Resources */ = {isa = PBXBuildFile; fileRef = 47E4BE0C2643348000CCACB5 /* Assets.xcassets */; };
		47E4BE102643348000CCACB5 /* LaunchScreen.storyboard in Resources */ = {isa = PBXBuildFile; fileRef = 47E4BE0E2643348000CCACB5 /* LaunchScreen.storyboard */; };
		47E4BE21264337F800CCACB5 /* Post.swift in Sources */ = {isa = PBXBuildFile; fileRef = 47E4BE20264337F800CCACB5 /* Post.swift */; };
		47E4BE2326433B8A00CCACB5 /* PostController.swift in Sources */ = {isa = PBXBuildFile; fileRef = 47E4BE2226433B8A00CCACB5 /* PostController.swift */; };
/* End PBXBuildFile section */

/* Begin PBXFileReference section */
		4756F23126433D1400A7F796 /* PostError.swift */ = {isa = PBXFileReference; lastKnownFileType = sourcecode.swift; path = PostError.swift; sourceTree = "<group>"; };
		4756F233264342E500A7F796 /* PostListTableViewController.swift */ = {isa = PBXFileReference; lastKnownFileType = sourcecode.swift; path = PostListTableViewController.swift; sourceTree = "<group>"; };
		4756F2352643446500A7F796 /* PostTableViewCell.swift */ = {isa = PBXFileReference; lastKnownFileType = sourcecode.swift; path = PostTableViewCell.swift; sourceTree = "<group>"; };
		4756F2372643459500A7F796 /* PostDetailViewController.swift */ = {isa = PBXFileReference; lastKnownFileType = sourcecode.swift; path = PostDetailViewController.swift; sourceTree = "<group>"; };
		47E4BE002643347F00CCACB5 /* redditDetails.app */ = {isa = PBXFileReference; explicitFileType = wrapper.application; includeInIndex = 0; path = redditDetails.app; sourceTree = BUILT_PRODUCTS_DIR; };
		47E4BE032643347F00CCACB5 /* AppDelegate.swift */ = {isa = PBXFileReference; lastKnownFileType = sourcecode.swift; path = AppDelegate.swift; sourceTree = "<group>"; };
		47E4BE052643347F00CCACB5 /* SceneDelegate.swift */ = {isa = PBXFileReference; lastKnownFileType = sourcecode.swift; path = SceneDelegate.swift; sourceTree = "<group>"; };
		47E4BE0A2643347F00CCACB5 /* Base */ = {isa = PBXFileReference; lastKnownFileType = file.storyboard; name = Base; path = Base.lproj/Main.storyboard; sourceTree = "<group>"; };
		47E4BE0C2643348000CCACB5 /* Assets.xcassets */ = {isa = PBXFileReference; lastKnownFileType = folder.assetcatalog; path = Assets.xcassets; sourceTree = "<group>"; };
		47E4BE0F2643348000CCACB5 /* Base */ = {isa = PBXFileReference; lastKnownFileType = file.storyboard; name = Base; path = Base.lproj/LaunchScreen.storyboard; sourceTree = "<group>"; };
		47E4BE112643348000CCACB5 /* Info.plist */ = {isa = PBXFileReference; lastKnownFileType = text.plist.xml; path = Info.plist; sourceTree = "<group>"; };
		47E4BE20264337F800CCACB5 /* Post.swift */ = {isa = PBXFileReference; lastKnownFileType = sourcecode.swift; path = Post.swift; sourceTree = "<group>"; };
		47E4BE2226433B8A00CCACB5 /* PostController.swift */ = {isa = PBXFileReference; lastKnownFileType = sourcecode.swift; path = PostController.swift; sourceTree = "<group>"; };
/* End PBXFileReference section */

/* Begin PBXFrameworksBuildPhase section */
		47E4BDFD2643347F00CCACB5 /* Frameworks */ = {
			isa = PBXFrameworksBuildPhase;
			buildActionMask = 2147483647;
			files = (
			);
			runOnlyForDeploymentPostprocessing = 0;
		};
/* End PBXFrameworksBuildPhase section */

/* Begin PBXGroup section */
		47E4BDF72643347F00CCACB5 = {
			isa = PBXGroup;
			children = (
				47E4BE022643347F00CCACB5 /* redditDetails */,
				47E4BE012643347F00CCACB5 /* Products */,
			);
			sourceTree = "<group>";
		};
		47E4BE012643347F00CCACB5 /* Products */ = {
			isa = PBXGroup;
			children = (
				47E4BE002643347F00CCACB5 /* redditDetails.app */,
			);
			name = Products;
			sourceTree = "<group>";
		};
		47E4BE022643347F00CCACB5 /* redditDetails */ = {
			isa = PBXGroup;
			children = (
				47E4BE1F264334ED00CCACB5 /* Models */,
				47E4BE1C264334D800CCACB5 /* Controllers */,
				47E4BE19264334C400CCACB5 /* Views */,
				47E4BE18264334BB00CCACB5 /* Helper and extension */,
				47E4BE172643349B00CCACB5 /* Resources */,
			);
			path = redditDetails;
			sourceTree = "<group>";
		};
		47E4BE172643349B00CCACB5 /* Resources */ = {
			isa = PBXGroup;
			children = (
				47E4BE032643347F00CCACB5 /* AppDelegate.swift */,
				47E4BE052643347F00CCACB5 /* SceneDelegate.swift */,
				47E4BE0C2643348000CCACB5 /* Assets.xcassets */,
				47E4BE0E2643348000CCACB5 /* LaunchScreen.storyboard */,
				47E4BE112643348000CCACB5 /* Info.plist */,
			);
			path = Resources;
			sourceTree = "<group>";
		};
		47E4BE18264334BB00CCACB5 /* Helper and extension */ = {
			isa = PBXGroup;
			children = (
				4756F23126433D1400A7F796 /* PostError.swift */,
			);
			path = "Helper and extension";
			sourceTree = "<group>";
		};
		47E4BE19264334C400CCACB5 /* Views */ = {
			isa = PBXGroup;
			children = (
				47E4BE1B264334D000CCACB5 /* Custom Views */,
				47E4BE1A264334C900CCACB5 /* Storyboard */,
			);
			path = Views;
			sourceTree = "<group>";
		};
		47E4BE1A264334C900CCACB5 /* Storyboard */ = {
			isa = PBXGroup;
			children = (
				47E4BE092643347F00CCACB5 /* Main.storyboard */,
			);
			path = Storyboard;
			sourceTree = "<group>";
		};
		47E4BE1B264334D000CCACB5 /* Custom Views */ = {
			isa = PBXGroup;
			children = (
				4756F2352643446500A7F796 /* PostTableViewCell.swift */,
			);
			path = "Custom Views";
			sourceTree = "<group>";
		};
		47E4BE1C264334D800CCACB5 /* Controllers */ = {
			isa = PBXGroup;
			children = (
				47E4BE1E264334E500CCACB5 /* Model Controllers */,
				47E4BE1D264334DE00CCACB5 /* View Controllers */,
			);
			path = Controllers;
			sourceTree = "<group>";
		};
		47E4BE1D264334DE00CCACB5 /* View Controllers */ = {
			isa = PBXGroup;
			children = (
				4756F233264342E500A7F796 /* PostListTableViewController.swift */,
				4756F2372643459500A7F796 /* PostDetailViewController.swift */,
			);
			path = "View Controllers";
			sourceTree = "<group>";
		};
		47E4BE1E264334E500CCACB5 /* Model Controllers */ = {
			isa = PBXGroup;
			children = (
				47E4BE2226433B8A00CCACB5 /* PostController.swift */,
			);
			path = "Model Controllers";
			sourceTree = "<group>";
		};
		47E4BE1F264334ED00CCACB5 /* Models */ = {
			isa = PBXGroup;
			children = (
				47E4BE20264337F800CCACB5 /* Post.swift */,
			);
			path = Models;
			sourceTree = "<group>";
		};
/* End PBXGroup section */

/* Begin PBXNativeTarget section */
		47E4BDFF2643347F00CCACB5 /* redditDetails */ = {
			isa = PBXNativeTarget;
			buildConfigurationList = 47E4BE142643348000CCACB5 /* Build configuration list for PBXNativeTarget "redditDetails" */;
			buildPhases = (
				47E4BDFC2643347F00CCACB5 /* Sources */,
				47E4BDFD2643347F00CCACB5 /* Frameworks */,
				47E4BDFE2643347F00CCACB5 /* Resources */,
			);
			buildRules = (
			);
			dependencies = (
			);
			name = redditDetails;
			productName = redditDetails;
			productReference = 47E4BE002643347F00CCACB5 /* redditDetails.app */;
			productType = "com.apple.product-type.application";
		};
/* End PBXNativeTarget section */

/* Begin PBXProject section */
		47E4BDF82643347F00CCACB5 /* Project object */ = {
			isa = PBXProject;
			attributes = {
				LastSwiftUpdateCheck = 1250;
				LastUpgradeCheck = 1250;
				TargetAttributes = {
					47E4BDFF2643347F00CCACB5 = {
						CreatedOnToolsVersion = 12.5;
					};
				};
			};
			buildConfigurationList = 47E4BDFB2643347F00CCACB5 /* Build configuration list for PBXProject "redditDetails" */;
			compatibilityVersion = "Xcode 9.3";
			developmentRegion = en;
			hasScannedForEncodings = 0;
			knownRegions = (
				en,
				Base,
			);
			mainGroup = 47E4BDF72643347F00CCACB5;
			productRefGroup = 47E4BE012643347F00CCACB5 /* Products */;
			projectDirPath = "";
			projectRoot = "";
			targets = (
				47E4BDFF2643347F00CCACB5 /* redditDetails */,
			);
		};
/* End PBXProject section */

/* Begin PBXResourcesBuildPhase section */
		47E4BDFE2643347F00CCACB5 /* Resources */ = {
			isa = PBXResourcesBuildPhase;
			buildActionMask = 2147483647;
			files = (
				47E4BE102643348000CCACB5 /* LaunchScreen.storyboard in Resources */,
				47E4BE0D2643348000CCACB5 /* Assets.xcassets in Resources */,
				47E4BE0B2643347F00CCACB5 /* Main.storyboard in Resources */,
			);
			runOnlyForDeploymentPostprocessing = 0;
		};
/* End PBXResourcesBuildPhase section */

/* Begin PBXSourcesBuildPhase section */
		47E4BDFC2643347F00CCACB5 /* Sources */ = {
			isa = PBXSourcesBuildPhase;
			buildActionMask = 2147483647;
			files = (
				4756F2362643446500A7F796 /* PostTableViewCell.swift in Sources */,
				4756F2382643459500A7F796 /* PostDetailViewController.swift in Sources */,
				4756F23226433D1400A7F796 /* PostError.swift in Sources */,
				47E4BE21264337F800CCACB5 /* Post.swift in Sources */,
				47E4BE2326433B8A00CCACB5 /* PostController.swift in Sources */,
				4756F234264342E500A7F796 /* PostListTableViewController.swift in Sources */,
				47E4BE042643347F00CCACB5 /* AppDelegate.swift in Sources */,
				47E4BE062643347F00CCACB5 /* SceneDelegate.swift in Sources */,
			);
			runOnlyForDeploymentPostprocessing = 0;
		};
/* End PBXSourcesBuildPhase section */

/* Begin PBXVariantGroup section */
		47E4BE092643347F00CCACB5 /* Main.storyboard */ = {
			isa = PBXVariantGroup;
			children = (
				47E4BE0A2643347F00CCACB5 /* Base */,
			);
			name = Main.storyboard;
			sourceTree = "<group>";
		};
		47E4BE0E2643348000CCACB5 /* LaunchScreen.storyboard */ = {
			isa = PBXVariantGroup;
			children = (
				47E4BE0F2643348000CCACB5 /* Base */,
			);
			name = LaunchScreen.storyboard;
			sourceTree = "<group>";
		};
/* End PBXVariantGroup section */

/* Begin XCBuildConfiguration section */
		47E4BE122643348000CCACB5 /* Debug */ = {
			isa = XCBuildConfiguration;
			buildSettings = {
				ALWAYS_SEARCH_USER_PATHS = NO;
				CLANG_ANALYZER_NONNULL = YES;
				CLANG_ANALYZER_NUMBER_OBJECT_CONVERSION = YES_AGGRESSIVE;
				CLANG_CXX_LANGUAGE_STANDARD = "gnu++14";
				CLANG_CXX_LIBRARY = "libc++";
				CLANG_ENABLE_MODULES = YES;
				CLANG_ENABLE_OBJC_ARC = YES;
				CLANG_ENABLE_OBJC_WEAK = YES;
				CLANG_WARN_BLOCK_CAPTURE_AUTORELEASING = YES;
				CLANG_WARN_BOOL_CONVERSION = YES;
				CLANG_WARN_COMMA = YES;
				CLANG_WARN_CONSTANT_CONVERSION = YES;
				CLANG_WARN_DEPRECATED_OBJC_IMPLEMENTATIONS = YES;
				CLANG_WARN_DIRECT_OBJC_ISA_USAGE = YES_ERROR;
				CLANG_WARN_DOCUMENTATION_COMMENTS = YES;
				CLANG_WARN_EMPTY_BODY = YES;
				CLANG_WARN_ENUM_CONVERSION = YES;
				CLANG_WARN_INFINITE_RECURSION = YES;
				CLANG_WARN_INT_CONVERSION = YES;
				CLANG_WARN_NON_LITERAL_NULL_CONVERSION = YES;
				CLANG_WARN_OBJC_IMPLICIT_RETAIN_SELF = YES;
				CLANG_WARN_OBJC_LITERAL_CONVERSION = YES;
				CLANG_WARN_OBJC_ROOT_CLASS = YES_ERROR;
				CLANG_WARN_QUOTED_INCLUDE_IN_FRAMEWORK_HEADER = YES;
				CLANG_WARN_RANGE_LOOP_ANALYSIS = YES;
				CLANG_WARN_STRICT_PROTOTYPES = YES;
				CLANG_WARN_SUSPICIOUS_MOVE = YES;
				CLANG_WARN_UNGUARDED_AVAILABILITY = YES_AGGRESSIVE;
				CLANG_WARN_UNREACHABLE_CODE = YES;
				CLANG_WARN__DUPLICATE_METHOD_MATCH = YES;
				COPY_PHASE_STRIP = NO;
				DEBUG_INFORMATION_FORMAT = dwarf;
				ENABLE_STRICT_OBJC_MSGSEND = YES;
				ENABLE_TESTABILITY = YES;
				GCC_C_LANGUAGE_STANDARD = gnu11;
				GCC_DYNAMIC_NO_PIC = NO;
				GCC_NO_COMMON_BLOCKS = YES;
				GCC_OPTIMIZATION_LEVEL = 0;
				GCC_PREPROCESSOR_DEFINITIONS = (
					"DEBUG=1",
					"$(inherited)",
				);
				GCC_WARN_64_TO_32_BIT_CONVERSION = YES;
				GCC_WARN_ABOUT_RETURN_TYPE = YES_ERROR;
				GCC_WARN_UNDECLARED_SELECTOR = YES;
				GCC_WARN_UNINITIALIZED_AUTOS = YES_AGGRESSIVE;
				GCC_WARN_UNUSED_FUNCTION = YES;
				GCC_WARN_UNUSED_VARIABLE = YES;
				IPHONEOS_DEPLOYMENT_TARGET = 14.5;
				MTL_ENABLE_DEBUG_INFO = INCLUDE_SOURCE;
				MTL_FAST_MATH = YES;
				ONLY_ACTIVE_ARCH = YES;
				SDKROOT = iphoneos;
				SWIFT_ACTIVE_COMPILATION_CONDITIONS = DEBUG;
				SWIFT_OPTIMIZATION_LEVEL = "-Onone";
			};
			name = Debug;
		};
		47E4BE132643348000CCACB5 /* Release */ = {
			isa = XCBuildConfiguration;
			buildSettings = {
				ALWAYS_SEARCH_USER_PATHS = NO;
				CLANG_ANALYZER_NONNULL = YES;
				CLANG_ANALYZER_NUMBER_OBJECT_CONVERSION = YES_AGGRESSIVE;
				CLANG_CXX_LANGUAGE_STANDARD = "gnu++14";
				CLANG_CXX_LIBRARY = "libc++";
				CLANG_ENABLE_MODULES = YES;
				CLANG_ENABLE_OBJC_ARC = YES;
				CLANG_ENABLE_OBJC_WEAK = YES;
				CLANG_WARN_BLOCK_CAPTURE_AUTORELEASING = YES;
				CLANG_WARN_BOOL_CONVERSION = YES;
				CLANG_WARN_COMMA = YES;
				CLANG_WARN_CONSTANT_CONVERSION = YES;
				CLANG_WARN_DEPRECATED_OBJC_IMPLEMENTATIONS = YES;
				CLANG_WARN_DIRECT_OBJC_ISA_USAGE = YES_ERROR;
				CLANG_WARN_DOCUMENTATION_COMMENTS = YES;
				CLANG_WARN_EMPTY_BODY = YES;
				CLANG_WARN_ENUM_CONVERSION = YES;
				CLANG_WARN_INFINITE_RECURSION = YES;
				CLANG_WARN_INT_CONVERSION = YES;
				CLANG_WARN_NON_LITERAL_NULL_CONVERSION = YES;
				CLANG_WARN_OBJC_IMPLICIT_RETAIN_SELF = YES;
				CLANG_WARN_OBJC_LITERAL_CONVERSION = YES;
				CLANG_WARN_OBJC_ROOT_CLASS = YES_ERROR;
				CLANG_WARN_QUOTED_INCLUDE_IN_FRAMEWORK_HEADER = YES;
				CLANG_WARN_RANGE_LOOP_ANALYSIS = YES;
				CLANG_WARN_STRICT_PROTOTYPES = YES;
				CLANG_WARN_SUSPICIOUS_MOVE = YES;
				CLANG_WARN_UNGUARDED_AVAILABILITY = YES_AGGRESSIVE;
				CLANG_WARN_UNREACHABLE_CODE = YES;
				CLANG_WARN__DUPLICATE_METHOD_MATCH = YES;
				COPY_PHASE_STRIP = NO;
				DEBUG_INFORMATION_FORMAT = "dwarf-with-dsym";
				ENABLE_NS_ASSERTIONS = NO;
				ENABLE_STRICT_OBJC_MSGSEND = YES;
				GCC_C_LANGUAGE_STANDARD = gnu11;
				GCC_NO_COMMON_BLOCKS = YES;
				GCC_WARN_64_TO_32_BIT_CONVERSION = YES;
				GCC_WARN_ABOUT_RETURN_TYPE = YES_ERROR;
				GCC_WARN_UNDECLARED_SELECTOR = YES;
				GCC_WARN_UNINITIALIZED_AUTOS = YES_AGGRESSIVE;
				GCC_WARN_UNUSED_FUNCTION = YES;
				GCC_WARN_UNUSED_VARIABLE = YES;
				IPHONEOS_DEPLOYMENT_TARGET = 14.5;
				MTL_ENABLE_DEBUG_INFO = NO;
				MTL_FAST_MATH = YES;
				SDKROOT = iphoneos;
				SWIFT_COMPILATION_MODE = wholemodule;
				SWIFT_OPTIMIZATION_LEVEL = "-O";
				VALIDATE_PRODUCT = YES;
			};
			name = Release;
		};
		47E4BE152643348000CCACB5 /* Debug */ = {
			isa = XCBuildConfiguration;
			buildSettings = {
				ASSETCATALOG_COMPILER_APPICON_NAME = AppIcon;
				ASSETCATALOG_COMPILER_GLOBAL_ACCENT_COLOR_NAME = AccentColor;
				CODE_SIGN_STYLE = Automatic;
				DEVELOPMENT_TEAM = GYNXZXJMPR;
				INFOPLIST_FILE = redditDetails/Resources/Info.plist;
				LD_RUNPATH_SEARCH_PATHS = (
					"$(inherited)",
					"@executable_path/Frameworks",
				);
				PRODUCT_BUNDLE_IDENTIFIER = com.brysonjones.redditDetails;
				PRODUCT_NAME = "$(TARGET_NAME)";
				SWIFT_VERSION = 5.0;
				TARGETED_DEVICE_FAMILY = "1,2";
			};
			name = Debug;
		};
		47E4BE162643348000CCACB5 /* Release */ = {
			isa = XCBuildConfiguration;
			buildSettings = {
				ASSETCATALOG_COMPILER_APPICON_NAME = AppIcon;
				ASSETCATALOG_COMPILER_GLOBAL_ACCENT_COLOR_NAME = AccentColor;
				CODE_SIGN_STYLE = Automatic;
				DEVELOPMENT_TEAM = GYNXZXJMPR;
				INFOPLIST_FILE = redditDetails/Resources/Info.plist;
				LD_RUNPATH_SEARCH_PATHS = (
					"$(inherited)",
					"@executable_path/Frameworks",
				);
				PRODUCT_BUNDLE_IDENTIFIER = com.brysonjones.redditDetails;
				PRODUCT_NAME = "$(TARGET_NAME)";
				SWIFT_VERSION = 5.0;
				TARGETED_DEVICE_FAMILY = "1,2";
			};
			name = Release;
		};
/* End XCBuildConfiguration section */

/* Begin XCConfigurationList section */
		47E4BDFB2643347F00CCACB5 /* Build configuration list for PBXProject "redditDetails" */ = {
			isa = XCConfigurationList;
			buildConfigurations = (
				47E4BE122643348000CCACB5 /* Debug */,
				47E4BE132643348000CCACB5 /* Release */,
			);
			defaultConfigurationIsVisible = 0;
			defaultConfigurationName = Release;
		};
		47E4BE142643348000CCACB5 /* Build configuration list for PBXNativeTarget "redditDetails" */ = {
			isa = XCConfigurationList;
			buildConfigurations = (
				47E4BE152643348000CCACB5 /* Debug */,
				47E4BE162643348000CCACB5 /* Release */,
			);
			defaultConfigurationIsVisible = 0;
			defaultConfigurationName = Release;
		};
/* End XCConfigurationList section */
	};
	rootObject = 47E4BDF82643347F00CCACB5 /* Project object */;
}
